
Microsoft Visual Studio Solution File, Format Version 12.00
# Visual Studio Version 16
VisualStudioVersion = 16.0.30114.105
MinimumVisualStudioVersion = 10.0.40219.1
Project("{FAE04EC0-301F-11D3-BF4B-00C04F79EFBC}") = "grayzen", "grayzen\grayzen.csproj", "{36C9A9D4-BC5E-4D0A-A951-8BD51936EFEF}"
EndProject
Global
	GlobalSection(SolutionConfigurationPlatforms) = preSolution
		Debug|Any CPU = Debug|Any CPU
		Release|Any CPU = Release|Any CPU
	EndGlobalSection
	GlobalSection(ProjectConfigurationPlatforms) = postSolution
		{36C9A9D4-BC5E-4D0A-A951-8BD51936EFEF}.Debug|Any CPU.ActiveCfg = Debug|Any CPU
		{36C9A9D4-BC5E-4D0A-A951-8BD51936EFEF}.Debug|Any CPU.Build.0 = Debug|Any CPU
		{36C9A9D4-BC5E-4D0A-A951-8BD51936EFEF}.Release|Any CPU.ActiveCfg = Release|Any CPU
		{36C9A9D4-BC5E-4D0A-A951-8BD51936EFEF}.Release|Any CPU.Build.0 = Release|Any CPU
	EndGlobalSection
	GlobalSection(SolutionProperties) = preSolution
		HideSolutionNode = FALSE
	EndGlobalSection
	GlobalSection(ExtensibilityGlobals) = postSolution
		SolutionGuid = {5E0047D4-7586-4B41-91E8-0436B707EFCC}
	EndGlobalSection
EndGlobal
